
Microsoft Visual Studio Solution File, Format Version 12.00
# Visual Studio 14
VisualStudioVersion = 14.0.25420.1
MinimumVisualStudioVersion = 10.0.40219.1
Project("{FAE04EC0-301F-11D3-BF4B-00C04F79EFBC}") = "NevoX.Droid", "NevoX\NevoX.Droid\NevoX.Droid.csproj", "{8D252A51-F536-44C4-A6A1-E91B073865A9}"
EndProject
Project("{FAE04EC0-301F-11D3-BF4B-00C04F79EFBC}") = "NevoX.iOS", "NevoX\NevoX.iOS\NevoX.iOS.csproj", "{CD33D2E5-10D2-419F-8DEA-D113C9CF276C}"
EndProject
Project("{FAE04EC0-301F-11D3-BF4B-00C04F79EFBC}") = "NevoX.WinPhone", "NevoX\NevoX.WinPhone\NevoX.WinPhone.csproj", "{816B4816-E615-4D19-8C5F-98456F83E917}"
EndProject
Project("{FAE04EC0-301F-11D3-BF4B-00C04F79EFBC}") = "NevoX.UWP", "NevoX\NevoX.UWP\NevoX.UWP.csproj", "{F3F9BBF5-B2C5-4F52-8972-AEC18B445284}"
EndProject
Project("{FAE04EC0-301F-11D3-BF4B-00C04F79EFBC}") = "NevoX.Windows", "NevoX\NevoX.Windows\NevoX.Windows.csproj", "{5B5712FD-87AA-492D-A97B-C24CAFBBB128}"
EndProject
Project("{FAE04EC0-301F-11D3-BF4B-00C04F79EFBC}") = "NevoX", "NevoX\NevoX\NevoX.csproj", "{A1E56C1D-7AA8-4742-B669-A0F1E13A50B6}"
EndProject
Project("{2150E333-8FDC-42A3-9474-1A3956D46DE8}") = "1 - Platform", "1 - Platform", "{5160330C-EEDF-4811-B942-85E89397B787}"
EndProject
Project("{2150E333-8FDC-42A3-9474-1A3956D46DE8}") = "2 - Portable", "2 - Portable", "{7F0D99EA-1204-47D2-A3CF-3C8C91B7DD91}"
EndProject
Project("{2150E333-8FDC-42A3-9474-1A3956D46DE8}") = "3 - Services", "3 - Services", "{295A2FE9-D181-479C-8248-AE4AE9E8B612}"
EndProject
Project("{FAE04EC0-301F-11D3-BF4B-00C04F79EFBC}") = "NevoX.Services", "NevoX\NevoX.Services\NevoX.Services.csproj", "{67F9D3A8-F71E-4428-913F-C37AE82CDB24}"
EndProject
Global
	GlobalSection(SolutionConfigurationPlatforms) = preSolution
		Ad-Hoc|Any CPU = Ad-Hoc|Any CPU
		Ad-Hoc|ARM = Ad-Hoc|ARM
		Ad-Hoc|iPhone = Ad-Hoc|iPhone
		Ad-Hoc|iPhoneSimulator = Ad-Hoc|iPhoneSimulator
		Ad-Hoc|x64 = Ad-Hoc|x64
		Ad-Hoc|x86 = Ad-Hoc|x86
		AppStore|Any CPU = AppStore|Any CPU
		AppStore|ARM = AppStore|ARM
		AppStore|iPhone = AppStore|iPhone
		AppStore|iPhoneSimulator = AppStore|iPhoneSimulator
		AppStore|x64 = AppStore|x64
		AppStore|x86 = AppStore|x86
		Debug|Any CPU = Debug|Any CPU
		Debug|ARM = Debug|ARM
		Debug|iPhone = Debug|iPhone
		Debug|iPhoneSimulator = Debug|iPhoneSimulator
		Debug|x64 = Debug|x64
		Debug|x86 = Debug|x86
		Release|Any CPU = Release|Any CPU
		Release|ARM = Release|ARM
		Release|iPhone = Release|iPhone
		Release|iPhoneSimulator = Release|iPhoneSimulator
		Release|x64 = Release|x64
		Release|x86 = Release|x86
	EndGlobalSection
	GlobalSection(ProjectConfigurationPlatforms) = postSolution
		{8D252A51-F536-44C4-A6A1-E91B073865A9}.Ad-Hoc|Any CPU.ActiveCfg = Release|Any CPU
		{8D252A51-F536-44C4-A6A1-E91B073865A9}.Ad-Hoc|Any CPU.Build.0 = Release|Any CPU
		{8D252A51-F536-44C4-A6A1-E91B073865A9}.Ad-Hoc|Any CPU.Deploy.0 = Release|Any CPU
		{8D252A51-F536-44C4-A6A1-E91B073865A9}.Ad-Hoc|ARM.ActiveCfg = Release|Any CPU
		{8D252A51-F536-44C4-A6A1-E91B073865A9}.Ad-Hoc|ARM.Build.0 = Release|Any CPU
		{8D252A51-F536-44C4-A6A1-E91B073865A9}.Ad-Hoc|ARM.Deploy.0 = Release|Any CPU
		{8D252A51-F536-44C4-A6A1-E91B073865A9}.Ad-Hoc|iPhone.ActiveCfg = Release|Any CPU
		{8D252A51-F536-44C4-A6A1-E91B073865A9}.Ad-Hoc|iPhone.Build.0 = Release|Any CPU
		{8D252A51-F536-44C4-A6A1-E91B073865A9}.Ad-Hoc|iPhone.Deploy.0 = Release|Any CPU
		{8D252A51-F536-44C4-A6A1-E91B073865A9}.Ad-Hoc|iPhoneSimulator.ActiveCfg = Release|Any CPU
		{8D252A51-F536-44C4-A6A1-E91B073865A9}.Ad-Hoc|iPhoneSimulator.Build.0 = Release|Any CPU
		{8D252A51-F536-44C4-A6A1-E91B073865A9}.Ad-Hoc|iPhoneSimulator.Deploy.0 = Release|Any CPU
		{8D252A51-F536-44C4-A6A1-E91B073865A9}.Ad-Hoc|x64.ActiveCfg = Release|Any CPU
		{8D252A51-F536-44C4-A6A1-E91B073865A9}.Ad-Hoc|x64.Build.0 = Release|Any CPU
		{8D252A51-F536-44C4-A6A1-E91B073865A9}.Ad-Hoc|x64.Deploy.0 = Release|Any CPU
		{8D252A51-F536-44C4-A6A1-E91B073865A9}.Ad-Hoc|x86.ActiveCfg = Release|Any CPU
		{8D252A51-F536-44C4-A6A1-E91B073865A9}.Ad-Hoc|x86.Build.0 = Release|Any CPU
		{8D252A51-F536-44C4-A6A1-E91B073865A9}.Ad-Hoc|x86.Deploy.0 = Release|Any CPU
		{8D252A51-F536-44C4-A6A1-E91B073865A9}.AppStore|Any CPU.ActiveCfg = Release|Any CPU
		{8D252A51-F536-44C4-A6A1-E91B073865A9}.AppStore|Any CPU.Build.0 = Release|Any CPU
		{8D252A51-F536-44C4-A6A1-E91B073865A9}.AppStore|Any CPU.Deploy.0 = Release|Any CPU
		{8D252A51-F536-44C4-A6A1-E91B073865A9}.AppStore|ARM.ActiveCfg = Release|Any CPU
		{8D252A51-F536-44C4-A6A1-E91B073865A9}.AppStore|ARM.Build.0 = Release|Any CPU
		{8D252A51-F536-44C4-A6A1-E91B073865A9}.AppStore|ARM.Deploy.0 = Release|Any CPU
		{8D252A51-F536-44C4-A6A1-E91B073865A9}.AppStore|iPhone.ActiveCfg = Release|Any CPU
		{8D252A51-F536-44C4-A6A1-E91B073865A9}.AppStore|iPhone.Build.0 = Release|Any CPU
		{8D252A51-F536-44C4-A6A1-E91B073865A9}.AppStore|iPhone.Deploy.0 = Release|Any CPU
		{8D252A51-F536-44C4-A6A1-E91B073865A9}.AppStore|iPhoneSimulator.ActiveCfg = Release|Any CPU
		{8D252A51-F536-44C4-A6A1-E91B073865A9}.AppStore|iPhoneSimulator.Build.0 = Release|Any CPU
		{8D252A51-F536-44C4-A6A1-E91B073865A9}.AppStore|iPhoneSimulator.Deploy.0 = Release|Any CPU
		{8D252A51-F536-44C4-A6A1-E91B073865A9}.AppStore|x64.ActiveCfg = Release|Any CPU
		{8D252A51-F536-44C4-A6A1-E91B073865A9}.AppStore|x64.Build.0 = Release|Any CPU
		{8D252A51-F536-44C4-A6A1-E91B073865A9}.AppStore|x64.Deploy.0 = Release|Any CPU
		{8D252A51-F536-44C4-A6A1-E91B073865A9}.AppStore|x86.ActiveCfg = Release|Any CPU
		{8D252A51-F536-44C4-A6A1-E91B073865A9}.AppStore|x86.Build.0 = Release|Any CPU
		{8D252A51-F536-44C4-A6A1-E91B073865A9}.AppStore|x86.Deploy.0 = Release|Any CPU
		{8D252A51-F536-44C4-A6A1-E91B073865A9}.Debug|Any CPU.ActiveCfg = Debug|Any CPU
		{8D252A51-F536-44C4-A6A1-E91B073865A9}.Debug|Any CPU.Build.0 = Debug|Any CPU
		{8D252A51-F536-44C4-A6A1-E91B073865A9}.Debug|Any CPU.Deploy.0 = Debug|Any CPU
		{8D252A51-F536-44C4-A6A1-E91B073865A9}.Debug|ARM.ActiveCfg = Debug|Any CPU
		{8D252A51-F536-44C4-A6A1-E91B073865A9}.Debug|ARM.Build.0 = Debug|Any CPU
		{8D252A51-F536-44C4-A6A1-E91B073865A9}.Debug|ARM.Deploy.0 = Debug|Any CPU
		{8D252A51-F536-44C4-A6A1-E91B073865A9}.Debug|iPhone.ActiveCfg = Debug|Any CPU
		{8D252A51-F536-44C4-A6A1-E91B073865A9}.Debug|iPhone.Build.0 = Debug|Any CPU
		{8D252A51-F536-44C4-A6A1-E91B073865A9}.Debug|iPhone.Deploy.0 = Debug|Any CPU
		{8D252A51-F536-44C4-A6A1-E91B073865A9}.Debug|iPhoneSimulator.ActiveCfg = Debug|Any CPU
		{8D252A51-F536-44C4-A6A1-E91B073865A9}.Debug|iPhoneSimulator.Build.0 = Debug|Any CPU
		{8D252A51-F536-44C4-A6A1-E91B073865A9}.Debug|iPhoneSimulator.Deploy.0 = Debug|Any CPU
		{8D252A51-F536-44C4-A6A1-E91B073865A9}.Debug|x64.ActiveCfg = Debug|Any CPU
		{8D252A51-F536-44C4-A6A1-E91B073865A9}.Debug|x64.Build.0 = Debug|Any CPU
		{8D252A51-F536-44C4-A6A1-E91B073865A9}.Debug|x64.Deploy.0 = Debug|Any CPU
		{8D252A51-F536-44C4-A6A1-E91B073865A9}.Debug|x86.ActiveCfg = Debug|Any CPU
		{8D252A51-F536-44C4-A6A1-E91B073865A9}.Debug|x86.Build.0 = Debug|Any CPU
		{8D252A51-F536-44C4-A6A1-E91B073865A9}.Debug|x86.Deploy.0 = Debug|Any CPU
		{8D252A51-F536-44C4-A6A1-E91B073865A9}.Release|Any CPU.ActiveCfg = Release|Any CPU
		{8D252A51-F536-44C4-A6A1-E91B073865A9}.Release|Any CPU.Build.0 = Release|Any CPU
		{8D252A51-F536-44C4-A6A1-E91B073865A9}.Release|Any CPU.Deploy.0 = Release|Any CPU
		{8D252A51-F536-44C4-A6A1-E91B073865A9}.Release|ARM.ActiveCfg = Release|Any CPU
		{8D252A51-F536-44C4-A6A1-E91B073865A9}.Release|ARM.Build.0 = Release|Any CPU
		{8D252A51-F536-44C4-A6A1-E91B073865A9}.Release|ARM.Deploy.0 = Release|Any CPU
		{8D252A51-F536-44C4-A6A1-E91B073865A9}.Release|iPhone.ActiveCfg = Release|Any CPU
		{8D252A51-F536-44C4-A6A1-E91B073865A9}.Release|iPhone.Build.0 = Release|Any CPU
		{8D252A51-F536-44C4-A6A1-E91B073865A9}.Release|iPhone.Deploy.0 = Release|Any CPU
		{8D252A51-F536-44C4-A6A1-E91B073865A9}.Release|iPhoneSimulator.ActiveCfg = Release|Any CPU
		{8D252A51-F536-44C4-A6A1-E91B073865A9}.Release|iPhoneSimulator.Build.0 = Release|Any CPU
		{8D252A51-F536-44C4-A6A1-E91B073865A9}.Release|iPhoneSimulator.Deploy.0 = Release|Any CPU
		{8D252A51-F536-44C4-A6A1-E91B073865A9}.Release|x64.ActiveCfg = Release|Any CPU
		{8D252A51-F536-44C4-A6A1-E91B073865A9}.Release|x64.Build.0 = Release|Any CPU
		{8D252A51-F536-44C4-A6A1-E91B073865A9}.Release|x64.Deploy.0 = Release|Any CPU
		{8D252A51-F536-44C4-A6A1-E91B073865A9}.Release|x86.ActiveCfg = Release|Any CPU
		{8D252A51-F536-44C4-A6A1-E91B073865A9}.Release|x86.Build.0 = Release|Any CPU
		{8D252A51-F536-44C4-A6A1-E91B073865A9}.Release|x86.Deploy.0 = Release|Any CPU
		{CD33D2E5-10D2-419F-8DEA-D113C9CF276C}.Ad-Hoc|Any CPU.ActiveCfg = Ad-Hoc|iPhone
		{CD33D2E5-10D2-419F-8DEA-D113C9CF276C}.Ad-Hoc|ARM.ActiveCfg = Ad-Hoc|iPhone
		{CD33D2E5-10D2-419F-8DEA-D113C9CF276C}.Ad-Hoc|iPhone.ActiveCfg = Ad-Hoc|iPhone
		{CD33D2E5-10D2-419F-8DEA-D113C9CF276C}.Ad-Hoc|iPhone.Build.0 = Ad-Hoc|iPhone
		{CD33D2E5-10D2-419F-8DEA-D113C9CF276C}.Ad-Hoc|iPhoneSimulator.ActiveCfg = Ad-Hoc|iPhoneSimulator
		{CD33D2E5-10D2-419F-8DEA-D113C9CF276C}.Ad-Hoc|iPhoneSimulator.Build.0 = Ad-Hoc|iPhoneSimulator
		{CD33D2E5-10D2-419F-8DEA-D113C9CF276C}.Ad-Hoc|x64.ActiveCfg = Ad-Hoc|iPhone
		{CD33D2E5-10D2-419F-8DEA-D113C9CF276C}.Ad-Hoc|x86.ActiveCfg = Ad-Hoc|iPhone
		{CD33D2E5-10D2-419F-8DEA-D113C9CF276C}.AppStore|Any CPU.ActiveCfg = AppStore|iPhone
		{CD33D2E5-10D2-419F-8DEA-D113C9CF276C}.AppStore|ARM.ActiveCfg = AppStore|iPhone
		{CD33D2E5-10D2-419F-8DEA-D113C9CF276C}.AppStore|iPhone.ActiveCfg = AppStore|iPhone
		{CD33D2E5-10D2-419F-8DEA-D113C9CF276C}.AppStore|iPhone.Build.0 = AppStore|iPhone
		{CD33D2E5-10D2-419F-8DEA-D113C9CF276C}.AppStore|iPhoneSimulator.ActiveCfg = AppStore|iPhoneSimulator
		{CD33D2E5-10D2-419F-8DEA-D113C9CF276C}.AppStore|iPhoneSimulator.Build.0 = AppStore|iPhoneSimulator
		{CD33D2E5-10D2-419F-8DEA-D113C9CF276C}.AppStore|x64.ActiveCfg = AppStore|iPhone
		{CD33D2E5-10D2-419F-8DEA-D113C9CF276C}.AppStore|x86.ActiveCfg = AppStore|iPhone
		{CD33D2E5-10D2-419F-8DEA-D113C9CF276C}.Debug|Any CPU.ActiveCfg = Debug|iPhone
		{CD33D2E5-10D2-419F-8DEA-D113C9CF276C}.Debug|ARM.ActiveCfg = Debug|iPhone
		{CD33D2E5-10D2-419F-8DEA-D113C9CF276C}.Debug|iPhone.ActiveCfg = Debug|iPhone
		{CD33D2E5-10D2-419F-8DEA-D113C9CF276C}.Debug|iPhone.Build.0 = Debug|iPhone
		{CD33D2E5-10D2-419F-8DEA-D113C9CF276C}.Debug|iPhoneSimulator.ActiveCfg = Debug|iPhoneSimulator
		{CD33D2E5-10D2-419F-8DEA-D113C9CF276C}.Debug|iPhoneSimulator.Build.0 = Debug|iPhoneSimulator
		{CD33D2E5-10D2-419F-8DEA-D113C9CF276C}.Debug|x64.ActiveCfg = Debug|iPhone
		{CD33D2E5-10D2-419F-8DEA-D113C9CF276C}.Debug|x86.ActiveCfg = Debug|iPhone
		{CD33D2E5-10D2-419F-8DEA-D113C9CF276C}.Release|Any CPU.ActiveCfg = Release|iPhone
		{CD33D2E5-10D2-419F-8DEA-D113C9CF276C}.Release|ARM.ActiveCfg = Release|iPhone
		{CD33D2E5-10D2-419F-8DEA-D113C9CF276C}.Release|iPhone.ActiveCfg = Release|iPhone
		{CD33D2E5-10D2-419F-8DEA-D113C9CF276C}.Release|iPhone.Build.0 = Release|iPhone
		{CD33D2E5-10D2-419F-8DEA-D113C9CF276C}.Release|iPhoneSimulator.ActiveCfg = Release|iPhoneSimulator
		{CD33D2E5-10D2-419F-8DEA-D113C9CF276C}.Release|iPhoneSimulator.Build.0 = Release|iPhoneSimulator
		{CD33D2E5-10D2-419F-8DEA-D113C9CF276C}.Release|x64.ActiveCfg = Release|iPhone
		{CD33D2E5-10D2-419F-8DEA-D113C9CF276C}.Release|x86.ActiveCfg = Release|iPhone
		{816B4816-E615-4D19-8C5F-98456F83E917}.Ad-Hoc|Any CPU.ActiveCfg = Release|Any CPU
		{816B4816-E615-4D19-8C5F-98456F83E917}.Ad-Hoc|Any CPU.Build.0 = Release|Any CPU
		{816B4816-E615-4D19-8C5F-98456F83E917}.Ad-Hoc|Any CPU.Deploy.0 = Release|Any CPU
		{816B4816-E615-4D19-8C5F-98456F83E917}.Ad-Hoc|ARM.ActiveCfg = Release|ARM
		{816B4816-E615-4D19-8C5F-98456F83E917}.Ad-Hoc|ARM.Build.0 = Release|ARM
		{816B4816-E615-4D19-8C5F-98456F83E917}.Ad-Hoc|ARM.Deploy.0 = Release|ARM
		{816B4816-E615-4D19-8C5F-98456F83E917}.Ad-Hoc|iPhone.ActiveCfg = Release|Any CPU
		{816B4816-E615-4D19-8C5F-98456F83E917}.Ad-Hoc|iPhone.Build.0 = Release|Any CPU
		{816B4816-E615-4D19-8C5F-98456F83E917}.Ad-Hoc|iPhone.Deploy.0 = Release|Any CPU
		{816B4816-E615-4D19-8C5F-98456F83E917}.Ad-Hoc|iPhoneSimulator.ActiveCfg = Release|Any CPU
		{816B4816-E615-4D19-8C5F-98456F83E917}.Ad-Hoc|iPhoneSimulator.Build.0 = Release|Any CPU
		{816B4816-E615-4D19-8C5F-98456F83E917}.Ad-Hoc|iPhoneSimulator.Deploy.0 = Release|Any CPU
		{816B4816-E615-4D19-8C5F-98456F83E917}.Ad-Hoc|x64.ActiveCfg = Release|Any CPU
		{816B4816-E615-4D19-8C5F-98456F83E917}.Ad-Hoc|x64.Build.0 = Release|Any CPU
		{816B4816-E615-4D19-8C5F-98456F83E917}.Ad-Hoc|x64.Deploy.0 = Release|Any CPU
		{816B4816-E615-4D19-8C5F-98456F83E917}.Ad-Hoc|x86.ActiveCfg = Release|x86
		{816B4816-E615-4D19-8C5F-98456F83E917}.Ad-Hoc|x86.Build.0 = Release|x86
		{816B4816-E615-4D19-8C5F-98456F83E917}.Ad-Hoc|x86.Deploy.0 = Release|x86
		{816B4816-E615-4D19-8C5F-98456F83E917}.AppStore|Any CPU.ActiveCfg = Release|Any CPU
		{816B4816-E615-4D19-8C5F-98456F83E917}.AppStore|Any CPU.Build.0 = Release|Any CPU
		{816B4816-E615-4D19-8C5F-98456F83E917}.AppStore|Any CPU.Deploy.0 = Release|Any CPU
		{816B4816-E615-4D19-8C5F-98456F83E917}.AppStore|ARM.ActiveCfg = Release|ARM
		{816B4816-E615-4D19-8C5F-98456F83E917}.AppStore|ARM.Build.0 = Release|ARM
		{816B4816-E615-4D19-8C5F-98456F83E917}.AppStore|ARM.Deploy.0 = Release|ARM
		{816B4816-E615-4D19-8C5F-98456F83E917}.AppStore|iPhone.ActiveCfg = Release|Any CPU
		{816B4816-E615-4D19-8C5F-98456F83E917}.AppStore|iPhone.Build.0 = Release|Any CPU
		{816B4816-E615-4D19-8C5F-98456F83E917}.AppStore|iPhone.Deploy.0 = Release|Any CPU
		{816B4816-E615-4D19-8C5F-98456F83E917}.AppStore|iPhoneSimulator.ActiveCfg = Release|Any CPU
		{816B4816-E615-4D19-8C5F-98456F83E917}.AppStore|iPhoneSimulator.Build.0 = Release|Any CPU
		{816B4816-E615-4D19-8C5F-98456F83E917}.AppStore|iPhoneSimulator.Deploy.0 = Release|Any CPU
		{816B4816-E615-4D19-8C5F-98456F83E917}.AppStore|x64.ActiveCfg = Release|Any CPU
		{816B4816-E615-4D19-8C5F-98456F83E917}.AppStore|x64.Build.0 = Release|Any CPU
		{816B4816-E615-4D19-8C5F-98456F83E917}.AppStore|x64.Deploy.0 = Release|Any CPU
		{816B4816-E615-4D19-8C5F-98456F83E917}.AppStore|x86.ActiveCfg = Release|x86
		{816B4816-E615-4D19-8C5F-98456F83E917}.AppStore|x86.Build.0 = Release|x86
		{816B4816-E615-4D19-8C5F-98456F83E917}.AppStore|x86.Deploy.0 = Release|x86
		{816B4816-E615-4D19-8C5F-98456F83E917}.Debug|Any CPU.ActiveCfg = Debug|Any CPU
		{816B4816-E615-4D19-8C5F-98456F83E917}.Debug|Any CPU.Build.0 = Debug|Any CPU
		{816B4816-E615-4D19-8C5F-98456F83E917}.Debug|Any CPU.Deploy.0 = Debug|Any CPU
		{816B4816-E615-4D19-8C5F-98456F83E917}.Debug|ARM.ActiveCfg = Debug|ARM
		{816B4816-E615-4D19-8C5F-98456F83E917}.Debug|ARM.Build.0 = Debug|ARM
		{816B4816-E615-4D19-8C5F-98456F83E917}.Debug|ARM.Deploy.0 = Debug|ARM
		{816B4816-E615-4D19-8C5F-98456F83E917}.Debug|iPhone.ActiveCfg = Debug|Any CPU
		{816B4816-E615-4D19-8C5F-98456F83E917}.Debug|iPhone.Build.0 = Debug|Any CPU
		{816B4816-E615-4D19-8C5F-98456F83E917}.Debug|iPhone.Deploy.0 = Debug|Any CPU
		{816B4816-E615-4D19-8C5F-98456F83E917}.Debug|iPhoneSimulator.ActiveCfg = Debug|Any CPU
		{816B4816-E615-4D19-8C5F-98456F83E917}.Debug|iPhoneSimulator.Build.0 = Debug|Any CPU
		{816B4816-E615-4D19-8C5F-98456F83E917}.Debug|iPhoneSimulator.Deploy.0 = Debug|Any CPU
		{816B4816-E615-4D19-8C5F-98456F83E917}.Debug|x64.ActiveCfg = Debug|Any CPU
		{816B4816-E615-4D19-8C5F-98456F83E917}.Debug|x64.Build.0 = Debug|Any CPU
		{816B4816-E615-4D19-8C5F-98456F83E917}.Debug|x64.Deploy.0 = Debug|Any CPU
		{816B4816-E615-4D19-8C5F-98456F83E917}.Debug|x86.ActiveCfg = Debug|x86
		{816B4816-E615-4D19-8C5F-98456F83E917}.Debug|x86.Build.0 = Debug|x86
		{816B4816-E615-4D19-8C5F-98456F83E917}.Debug|x86.Deploy.0 = Debug|x86
		{816B4816-E615-4D19-8C5F-98456F83E917}.Release|Any CPU.ActiveCfg = Release|Any CPU
		{816B4816-E615-4D19-8C5F-98456F83E917}.Release|Any CPU.Build.0 = Release|Any CPU
		{816B4816-E615-4D19-8C5F-98456F83E917}.Release|Any CPU.Deploy.0 = Release|Any CPU
		{816B4816-E615-4D19-8C5F-98456F83E917}.Release|ARM.ActiveCfg = Release|ARM
		{816B4816-E615-4D19-8C5F-98456F83E917}.Release|ARM.Build.0 = Release|ARM
		{816B4816-E615-4D19-8C5F-98456F83E917}.Release|ARM.Deploy.0 = Release|ARM
		{816B4816-E615-4D19-8C5F-98456F83E917}.Release|iPhone.ActiveCfg = Release|Any CPU
		{816B4816-E615-4D19-8C5F-98456F83E917}.Release|iPhone.Build.0 = Release|Any CPU
		{816B4816-E615-4D19-8C5F-98456F83E917}.Release|iPhone.Deploy.0 = Release|Any CPU
		{816B4816-E615-4D19-8C5F-98456F83E917}.Release|iPhoneSimulator.ActiveCfg = Release|Any CPU
		{816B4816-E615-4D19-8C5F-98456F83E917}.Release|iPhoneSimulator.Build.0 = Release|Any CPU
		{816B4816-E615-4D19-8C5F-98456F83E917}.Release|iPhoneSimulator.Deploy.0 = Release|Any CPU
		{816B4816-E615-4D19-8C5F-98456F83E917}.Release|x64.ActiveCfg = Release|Any CPU
		{816B4816-E615-4D19-8C5F-98456F83E917}.Release|x64.Build.0 = Release|Any CPU
		{816B4816-E615-4D19-8C5F-98456F83E917}.Release|x64.Deploy.0 = Release|Any CPU
		{816B4816-E615-4D19-8C5F-98456F83E917}.Release|x86.ActiveCfg = Release|x86
		{816B4816-E615-4D19-8C5F-98456F83E917}.Release|x86.Build.0 = Release|x86
		{816B4816-E615-4D19-8C5F-98456F83E917}.Release|x86.Deploy.0 = Release|x86
		{F3F9BBF5-B2C5-4F52-8972-AEC18B445284}.Ad-Hoc|Any CPU.ActiveCfg = Release|x86
		{F3F9BBF5-B2C5-4F52-8972-AEC18B445284}.Ad-Hoc|Any CPU.Build.0 = Release|x86
		{F3F9BBF5-B2C5-4F52-8972-AEC18B445284}.Ad-Hoc|Any CPU.Deploy.0 = Release|x86
		{F3F9BBF5-B2C5-4F52-8972-AEC18B445284}.Ad-Hoc|ARM.ActiveCfg = Release|ARM
		{F3F9BBF5-B2C5-4F52-8972-AEC18B445284}.Ad-Hoc|ARM.Build.0 = Release|ARM
		{F3F9BBF5-B2C5-4F52-8972-AEC18B445284}.Ad-Hoc|ARM.Deploy.0 = Release|ARM
		{F3F9BBF5-B2C5-4F52-8972-AEC18B445284}.Ad-Hoc|iPhone.ActiveCfg = Release|x86
		{F3F9BBF5-B2C5-4F52-8972-AEC18B445284}.Ad-Hoc|iPhone.Build.0 = Release|x86
		{F3F9BBF5-B2C5-4F52-8972-AEC18B445284}.Ad-Hoc|iPhone.Deploy.0 = Release|x86
		{F3F9BBF5-B2C5-4F52-8972-AEC18B445284}.Ad-Hoc|iPhoneSimulator.ActiveCfg = Release|x86
		{F3F9BBF5-B2C5-4F52-8972-AEC18B445284}.Ad-Hoc|iPhoneSimulator.Build.0 = Release|x86
		{F3F9BBF5-B2C5-4F52-8972-AEC18B445284}.Ad-Hoc|iPhoneSimulator.Deploy.0 = Release|x86
		{F3F9BBF5-B2C5-4F52-8972-AEC18B445284}.Ad-Hoc|x64.ActiveCfg = Release|x64
		{F3F9BBF5-B2C5-4F52-8972-AEC18B445284}.Ad-Hoc|x64.Build.0 = Release|x64
		{F3F9BBF5-B2C5-4F52-8972-AEC18B445284}.Ad-Hoc|x64.Deploy.0 = Release|x64
		{F3F9BBF5-B2C5-4F52-8972-AEC18B445284}.Ad-Hoc|x86.ActiveCfg = Release|x86
		{F3F9BBF5-B2C5-4F52-8972-AEC18B445284}.Ad-Hoc|x86.Build.0 = Release|x86
		{F3F9BBF5-B2C5-4F52-8972-AEC18B445284}.Ad-Hoc|x86.Deploy.0 = Release|x86
		{F3F9BBF5-B2C5-4F52-8972-AEC18B445284}.AppStore|Any CPU.ActiveCfg = Release|x86
		{F3F9BBF5-B2C5-4F52-8972-AEC18B445284}.AppStore|Any CPU.Build.0 = Release|x86
		{F3F9BBF5-B2C5-4F52-8972-AEC18B445284}.AppStore|Any CPU.Deploy.0 = Release|x86
		{F3F9BBF5-B2C5-4F52-8972-AEC18B445284}.AppStore|ARM.ActiveCfg = Release|ARM
		{F3F9BBF5-B2C5-4F52-8972-AEC18B445284}.AppStore|ARM.Build.0 = Release|ARM
		{F3F9BBF5-B2C5-4F52-8972-AEC18B445284}.AppStore|ARM.Deploy.0 = Release|ARM
		{F3F9BBF5-B2C5-4F52-8972-AEC18B445284}.AppStore|iPhone.ActiveCfg = Release|x86
		{F3F9BBF5-B2C5-4F52-8972-AEC18B445284}.AppStore|iPhone.Build.0 = Release|x86
		{F3F9BBF5-B2C5-4F52-8972-AEC18B445284}.AppStore|iPhone.Deploy.0 = Release|x86
		{F3F9BBF5-B2C5-4F52-8972-AEC18B445284}.AppStore|iPhoneSimulator.ActiveCfg = Release|x86
		{F3F9BBF5-B2C5-4F52-8972-AEC18B445284}.AppStore|iPhoneSimulator.Build.0 = Release|x86
		{F3F9BBF5-B2C5-4F52-8972-AEC18B445284}.AppStore|iPhoneSimulator.Deploy.0 = Release|x86
		{F3F9BBF5-B2C5-4F52-8972-AEC18B445284}.AppStore|x64.ActiveCfg = Release|x64
		{F3F9BBF5-B2C5-4F52-8972-AEC18B445284}.AppStore|x64.Build.0 = Release|x64
		{F3F9BBF5-B2C5-4F52-8972-AEC18B445284}.AppStore|x64.Deploy.0 = Release|x64
		{F3F9BBF5-B2C5-4F52-8972-AEC18B445284}.AppStore|x86.ActiveCfg = Release|x86
		{F3F9BBF5-B2C5-4F52-8972-AEC18B445284}.AppStore|x86.Build.0 = Release|x86
		{F3F9BBF5-B2C5-4F52-8972-AEC18B445284}.AppStore|x86.Deploy.0 = Release|x86
		{F3F9BBF5-B2C5-4F52-8972-AEC18B445284}.Debug|Any CPU.ActiveCfg = Debug|x86
		{F3F9BBF5-B2C5-4F52-8972-AEC18B445284}.Debug|ARM.ActiveCfg = Debug|ARM
		{F3F9BBF5-B2C5-4F52-8972-AEC18B445284}.Debug|ARM.Build.0 = Debug|ARM
		{F3F9BBF5-B2C5-4F52-8972-AEC18B445284}.Debug|ARM.Deploy.0 = Debug|ARM
		{F3F9BBF5-B2C5-4F52-8972-AEC18B445284}.Debug|iPhone.ActiveCfg = Debug|x86
		{F3F9BBF5-B2C5-4F52-8972-AEC18B445284}.Debug|iPhoneSimulator.ActiveCfg = Debug|x86
		{F3F9BBF5-B2C5-4F52-8972-AEC18B445284}.Debug|x64.ActiveCfg = Debug|x64
		{F3F9BBF5-B2C5-4F52-8972-AEC18B445284}.Debug|x64.Build.0 = Debug|x64
		{F3F9BBF5-B2C5-4F52-8972-AEC18B445284}.Debug|x64.Deploy.0 = Debug|x64
		{F3F9BBF5-B2C5-4F52-8972-AEC18B445284}.Debug|x86.ActiveCfg = Debug|x86
		{F3F9BBF5-B2C5-4F52-8972-AEC18B445284}.Debug|x86.Build.0 = Debug|x86
		{F3F9BBF5-B2C5-4F52-8972-AEC18B445284}.Debug|x86.Deploy.0 = Debug|x86
		{F3F9BBF5-B2C5-4F52-8972-AEC18B445284}.Release|Any CPU.ActiveCfg = Release|x86
		{F3F9BBF5-B2C5-4F52-8972-AEC18B445284}.Release|ARM.ActiveCfg = Release|ARM
		{F3F9BBF5-B2C5-4F52-8972-AEC18B445284}.Release|ARM.Build.0 = Release|ARM
		{F3F9BBF5-B2C5-4F52-8972-AEC18B445284}.Release|ARM.Deploy.0 = Release|ARM
		{F3F9BBF5-B2C5-4F52-8972-AEC18B445284}.Release|iPhone.ActiveCfg = Release|x86
		{F3F9BBF5-B2C5-4F52-8972-AEC18B445284}.Release|iPhoneSimulator.ActiveCfg = Release|x86
		{F3F9BBF5-B2C5-4F52-8972-AEC18B445284}.Release|x64.ActiveCfg = Release|x64
		{F3F9BBF5-B2C5-4F52-8972-AEC18B445284}.Release|x64.Build.0 = Release|x64
		{F3F9BBF5-B2C5-4F52-8972-AEC18B445284}.Release|x64.Deploy.0 = Release|x64
		{F3F9BBF5-B2C5-4F52-8972-AEC18B445284}.Release|x86.ActiveCfg = Release|x86
		{F3F9BBF5-B2C5-4F52-8972-AEC18B445284}.Release|x86.Build.0 = Release|x86
		{F3F9BBF5-B2C5-4F52-8972-AEC18B445284}.Release|x86.Deploy.0 = Release|x86
		{5B5712FD-87AA-492D-A97B-C24CAFBBB128}.Ad-Hoc|Any CPU.ActiveCfg = Release|Any CPU
		{5B5712FD-87AA-492D-A97B-C24CAFBBB128}.Ad-Hoc|Any CPU.Build.0 = Release|Any CPU
		{5B5712FD-87AA-492D-A97B-C24CAFBBB128}.Ad-Hoc|Any CPU.Deploy.0 = Release|Any CPU
		{5B5712FD-87AA-492D-A97B-C24CAFBBB128}.Ad-Hoc|ARM.ActiveCfg = Release|ARM
		{5B5712FD-87AA-492D-A97B-C24CAFBBB128}.Ad-Hoc|ARM.Build.0 = Release|ARM
		{5B5712FD-87AA-492D-A97B-C24CAFBBB128}.Ad-Hoc|ARM.Deploy.0 = Release|ARM
		{5B5712FD-87AA-492D-A97B-C24CAFBBB128}.Ad-Hoc|iPhone.ActiveCfg = Release|Any CPU
		{5B5712FD-87AA-492D-A97B-C24CAFBBB128}.Ad-Hoc|iPhone.Build.0 = Release|Any CPU
		{5B5712FD-87AA-492D-A97B-C24CAFBBB128}.Ad-Hoc|iPhone.Deploy.0 = Release|Any CPU
		{5B5712FD-87AA-492D-A97B-C24CAFBBB128}.Ad-Hoc|iPhoneSimulator.ActiveCfg = Release|Any CPU
		{5B5712FD-87AA-492D-A97B-C24CAFBBB128}.Ad-Hoc|iPhoneSimulator.Build.0 = Release|Any CPU
		{5B5712FD-87AA-492D-A97B-C24CAFBBB128}.Ad-Hoc|iPhoneSimulator.Deploy.0 = Release|Any CPU
		{5B5712FD-87AA-492D-A97B-C24CAFBBB128}.Ad-Hoc|x64.ActiveCfg = Release|x64
		{5B5712FD-87AA-492D-A97B-C24CAFBBB128}.Ad-Hoc|x64.Build.0 = Release|x64
		{5B5712FD-87AA-492D-A97B-C24CAFBBB128}.Ad-Hoc|x64.Deploy.0 = Release|x64
		{5B5712FD-87AA-492D-A97B-C24CAFBBB128}.Ad-Hoc|x86.ActiveCfg = Release|x86
		{5B5712FD-87AA-492D-A97B-C24CAFBBB128}.Ad-Hoc|x86.Build.0 = Release|x86
		{5B5712FD-87AA-492D-A97B-C24CAFBBB128}.Ad-Hoc|x86.Deploy.0 = Release|x86
		{5B5712FD-87AA-492D-A97B-C24CAFBBB128}.AppStore|Any CPU.ActiveCfg = Release|Any CPU
		{5B5712FD-87AA-492D-A97B-C24CAFBBB128}.AppStore|Any CPU.Build.0 = Release|Any CPU
		{5B5712FD-87AA-492D-A97B-C24CAFBBB128}.AppStore|Any CPU.Deploy.0 = Release|Any CPU
		{5B5712FD-87AA-492D-A97B-C24CAFBBB128}.AppStore|ARM.ActiveCfg = Release|ARM
		{5B5712FD-87AA-492D-A97B-C24CAFBBB128}.AppStore|ARM.Build.0 = Release|ARM
		{5B5712FD-87AA-492D-A97B-C24CAFBBB128}.AppStore|ARM.Deploy.0 = Release|ARM
		{5B5712FD-87AA-492D-A97B-C24CAFBBB128}.AppStore|iPhone.ActiveCfg = Release|Any CPU
		{5B5712FD-87AA-492D-A97B-C24CAFBBB128}.AppStore|iPhone.Build.0 = Release|Any CPU
		{5B5712FD-87AA-492D-A97B-C24CAFBBB128}.AppStore|iPhone.Deploy.0 = Release|Any CPU
		{5B5712FD-87AA-492D-A97B-C24CAFBBB128}.AppStore|iPhoneSimulator.ActiveCfg = Release|Any CPU
		{5B5712FD-87AA-492D-A97B-C24CAFBBB128}.AppStore|iPhoneSimulator.Build.0 = Release|Any CPU
		{5B5712FD-87AA-492D-A97B-C24CAFBBB128}.AppStore|iPhoneSimulator.Deploy.0 = Release|Any CPU
		{5B5712FD-87AA-492D-A97B-C24CAFBBB128}.AppStore|x64.ActiveCfg = Release|x64
		{5B5712FD-87AA-492D-A97B-C24CAFBBB128}.AppStore|x64.Build.0 = Release|x64
		{5B5712FD-87AA-492D-A97B-C24CAFBBB128}.AppStore|x64.Deploy.0 = Release|x64
		{5B5712FD-87AA-492D-A97B-C24CAFBBB128}.AppStore|x86.ActiveCfg = Release|x86
		{5B5712FD-87AA-492D-A97B-C24CAFBBB128}.AppStore|x86.Build.0 = Release|x86
		{5B5712FD-87AA-492D-A97B-C24CAFBBB128}.AppStore|x86.Deploy.0 = Release|x86
		{5B5712FD-87AA-492D-A97B-C24CAFBBB128}.Debug|Any CPU.ActiveCfg = Debug|Any CPU
		{5B5712FD-87AA-492D-A97B-C24CAFBBB128}.Debug|Any CPU.Build.0 = Debug|Any CPU
		{5B5712FD-87AA-492D-A97B-C24CAFBBB128}.Debug|Any CPU.Deploy.0 = Debug|Any CPU
		{5B5712FD-87AA-492D-A97B-C24CAFBBB128}.Debug|ARM.ActiveCfg = Debug|ARM
		{5B5712FD-87AA-492D-A97B-C24CAFBBB128}.Debug|ARM.Build.0 = Debug|ARM
		{5B5712FD-87AA-492D-A97B-C24CAFBBB128}.Debug|ARM.Deploy.0 = Debug|ARM
		{5B5712FD-87AA-492D-A97B-C24CAFBBB128}.Debug|iPhone.ActiveCfg = Debug|Any CPU
		{5B5712FD-87AA-492D-A97B-C24CAFBBB128}.Debug|iPhone.Build.0 = Debug|Any CPU
		{5B5712FD-87AA-492D-A97B-C24CAFBBB128}.Debug|iPhone.Deploy.0 = Debug|Any CPU
		{5B5712FD-87AA-492D-A97B-C24CAFBBB128}.Debug|iPhoneSimulator.ActiveCfg = Debug|Any CPU
		{5B5712FD-87AA-492D-A97B-C24CAFBBB128}.Debug|iPhoneSimulator.Build.0 = Debug|Any CPU
		{5B5712FD-87AA-492D-A97B-C24CAFBBB128}.Debug|iPhoneSimulator.Deploy.0 = Debug|Any CPU
		{5B5712FD-87AA-492D-A97B-C24CAFBBB128}.Debug|x64.ActiveCfg = Debug|x64
		{5B5712FD-87AA-492D-A97B-C24CAFBBB128}.Debug|x64.Build.0 = Debug|x64
		{5B5712FD-87AA-492D-A97B-C24CAFBBB128}.Debug|x64.Deploy.0 = Debug|x64
		{5B5712FD-87AA-492D-A97B-C24CAFBBB128}.Debug|x86.ActiveCfg = Debug|x86
		{5B5712FD-87AA-492D-A97B-C24CAFBBB128}.Debug|x86.Build.0 = Debug|x86
		{5B5712FD-87AA-492D-A97B-C24CAFBBB128}.Debug|x86.Deploy.0 = Debug|x86
		{5B5712FD-87AA-492D-A97B-C24CAFBBB128}.Release|Any CPU.ActiveCfg = Release|Any CPU
		{5B5712FD-87AA-492D-A97B-C24CAFBBB128}.Release|Any CPU.Build.0 = Release|Any CPU
		{5B5712FD-87AA-492D-A97B-C24CAFBBB128}.Release|Any CPU.Deploy.0 = Release|Any CPU
		{5B5712FD-87AA-492D-A97B-C24CAFBBB128}.Release|ARM.ActiveCfg = Release|ARM
		{5B5712FD-87AA-492D-A97B-C24CAFBBB128}.Release|ARM.Build.0 = Release|ARM
		{5B5712FD-87AA-492D-A97B-C24CAFBBB128}.Release|ARM.Deploy.0 = Release|ARM
		{5B5712FD-87AA-492D-A97B-C24CAFBBB128}.Release|iPhone.ActiveCfg = Release|Any CPU
		{5B5712FD-87AA-492D-A97B-C24CAFBBB128}.Release|iPhone.Build.0 = Release|Any CPU
		{5B5712FD-87AA-492D-A97B-C24CAFBBB128}.Release|iPhone.Deploy.0 = Release|Any CPU
		{5B5712FD-87AA-492D-A97B-C24CAFBBB128}.Release|iPhoneSimulator.ActiveCfg = Release|Any CPU
		{5B5712FD-87AA-492D-A97B-C24CAFBBB128}.Release|iPhoneSimulator.Build.0 = Release|Any CPU
		{5B5712FD-87AA-492D-A97B-C24CAFBBB128}.Release|iPhoneSimulator.Deploy.0 = Release|Any CPU
		{5B5712FD-87AA-492D-A97B-C24CAFBBB128}.Release|x64.ActiveCfg = Release|x64
		{5B5712FD-87AA-492D-A97B-C24CAFBBB128}.Release|x64.Build.0 = Release|x64
		{5B5712FD-87AA-492D-A97B-C24CAFBBB128}.Release|x64.Deploy.0 = Release|x64
		{5B5712FD-87AA-492D-A97B-C24CAFBBB128}.Release|x86.ActiveCfg = Release|x86
		{5B5712FD-87AA-492D-A97B-C24CAFBBB128}.Release|x86.Build.0 = Release|x86
		{5B5712FD-87AA-492D-A97B-C24CAFBBB128}.Release|x86.Deploy.0 = Release|x86
		{A1E56C1D-7AA8-4742-B669-A0F1E13A50B6}.Ad-Hoc|Any CPU.ActiveCfg = Release|Any CPU
		{A1E56C1D-7AA8-4742-B669-A0F1E13A50B6}.Ad-Hoc|Any CPU.Build.0 = Release|Any CPU
		{A1E56C1D-7AA8-4742-B669-A0F1E13A50B6}.Ad-Hoc|ARM.ActiveCfg = Release|Any CPU
		{A1E56C1D-7AA8-4742-B669-A0F1E13A50B6}.Ad-Hoc|ARM.Build.0 = Release|Any CPU
		{A1E56C1D-7AA8-4742-B669-A0F1E13A50B6}.Ad-Hoc|iPhone.ActiveCfg = Release|Any CPU
		{A1E56C1D-7AA8-4742-B669-A0F1E13A50B6}.Ad-Hoc|iPhone.Build.0 = Release|Any CPU
		{A1E56C1D-7AA8-4742-B669-A0F1E13A50B6}.Ad-Hoc|iPhoneSimulator.ActiveCfg = Release|Any CPU
		{A1E56C1D-7AA8-4742-B669-A0F1E13A50B6}.Ad-Hoc|iPhoneSimulator.Build.0 = Release|Any CPU
		{A1E56C1D-7AA8-4742-B669-A0F1E13A50B6}.Ad-Hoc|x64.ActiveCfg = Release|Any CPU
		{A1E56C1D-7AA8-4742-B669-A0F1E13A50B6}.Ad-Hoc|x64.Build.0 = Release|Any CPU
		{A1E56C1D-7AA8-4742-B669-A0F1E13A50B6}.Ad-Hoc|x86.ActiveCfg = Release|Any CPU
		{A1E56C1D-7AA8-4742-B669-A0F1E13A50B6}.Ad-Hoc|x86.Build.0 = Release|Any CPU
		{A1E56C1D-7AA8-4742-B669-A0F1E13A50B6}.AppStore|Any CPU.ActiveCfg = Release|Any CPU
		{A1E56C1D-7AA8-4742-B669-A0F1E13A50B6}.AppStore|Any CPU.Build.0 = Release|Any CPU
		{A1E56C1D-7AA8-4742-B669-A0F1E13A50B6}.AppStore|ARM.ActiveCfg = Release|Any CPU
		{A1E56C1D-7AA8-4742-B669-A0F1E13A50B6}.AppStore|ARM.Build.0 = Release|Any CPU
		{A1E56C1D-7AA8-4742-B669-A0F1E13A50B6}.AppStore|iPhone.ActiveCfg = Release|Any CPU
		{A1E56C1D-7AA8-4742-B669-A0F1E13A50B6}.AppStore|iPhone.Build.0 = Release|Any CPU
		{A1E56C1D-7AA8-4742-B669-A0F1E13A50B6}.AppStore|iPhoneSimulator.ActiveCfg = Release|Any CPU
		{A1E56C1D-7AA8-4742-B669-A0F1E13A50B6}.AppStore|iPhoneSimulator.Build.0 = Release|Any CPU
		{A1E56C1D-7AA8-4742-B669-A0F1E13A50B6}.AppStore|x64.ActiveCfg = Release|Any CPU
		{A1E56C1D-7AA8-4742-B669-A0F1E13A50B6}.AppStore|x64.Build.0 = Release|Any CPU
		{A1E56C1D-7AA8-4742-B669-A0F1E13A50B6}.AppStore|x86.ActiveCfg = Release|Any CPU
		{A1E56C1D-7AA8-4742-B669-A0F1E13A50B6}.AppStore|x86.Build.0 = Release|Any CPU
		{A1E56C1D-7AA8-4742-B669-A0F1E13A50B6}.Debug|Any CPU.ActiveCfg = Debug|Any CPU
		{A1E56C1D-7AA8-4742-B669-A0F1E13A50B6}.Debug|Any CPU.Build.0 = Debug|Any CPU
		{A1E56C1D-7AA8-4742-B669-A0F1E13A50B6}.Debug|ARM.ActiveCfg = Debug|Any CPU
		{A1E56C1D-7AA8-4742-B669-A0F1E13A50B6}.Debug|ARM.Build.0 = Debug|Any CPU
		{A1E56C1D-7AA8-4742-B669-A0F1E13A50B6}.Debug|iPhone.ActiveCfg = Debug|Any CPU
		{A1E56C1D-7AA8-4742-B669-A0F1E13A50B6}.Debug|iPhone.Build.0 = Debug|Any CPU
		{A1E56C1D-7AA8-4742-B669-A0F1E13A50B6}.Debug|iPhoneSimulator.ActiveCfg = Debug|Any CPU
		{A1E56C1D-7AA8-4742-B669-A0F1E13A50B6}.Debug|iPhoneSimulator.Build.0 = Debug|Any CPU
		{A1E56C1D-7AA8-4742-B669-A0F1E13A50B6}.Debug|x64.ActiveCfg = Debug|Any CPU
		{A1E56C1D-7AA8-4742-B669-A0F1E13A50B6}.Debug|x64.Build.0 = Debug|Any CPU
		{A1E56C1D-7AA8-4742-B669-A0F1E13A50B6}.Debug|x86.ActiveCfg = Debug|Any CPU
		{A1E56C1D-7AA8-4742-B669-A0F1E13A50B6}.Debug|x86.Build.0 = Debug|Any CPU
		{A1E56C1D-7AA8-4742-B669-A0F1E13A50B6}.Release|Any CPU.ActiveCfg = Release|Any CPU
		{A1E56C1D-7AA8-4742-B669-A0F1E13A50B6}.Release|Any CPU.Build.0 = Release|Any CPU
		{A1E56C1D-7AA8-4742-B669-A0F1E13A50B6}.Release|ARM.ActiveCfg = Release|Any CPU
		{A1E56C1D-7AA8-4742-B669-A0F1E13A50B6}.Release|ARM.Build.0 = Release|Any CPU
		{A1E56C1D-7AA8-4742-B669-A0F1E13A50B6}.Release|iPhone.ActiveCfg = Release|Any CPU
		{A1E56C1D-7AA8-4742-B669-A0F1E13A50B6}.Release|iPhone.Build.0 = Release|Any CPU
		{A1E56C1D-7AA8-4742-B669-A0F1E13A50B6}.Release|iPhoneSimulator.ActiveCfg = Release|Any CPU
		{A1E56C1D-7AA8-4742-B669-A0F1E13A50B6}.Release|iPhoneSimulator.Build.0 = Release|Any CPU
		{A1E56C1D-7AA8-4742-B669-A0F1E13A50B6}.Release|x64.ActiveCfg = Release|Any CPU
		{A1E56C1D-7AA8-4742-B669-A0F1E13A50B6}.Release|x64.Build.0 = Release|Any CPU
		{A1E56C1D-7AA8-4742-B669-A0F1E13A50B6}.Release|x86.ActiveCfg = Release|Any CPU
		{A1E56C1D-7AA8-4742-B669-A0F1E13A50B6}.Release|x86.Build.0 = Release|Any CPU
		{67F9D3A8-F71E-4428-913F-C37AE82CDB24}.Ad-Hoc|Any CPU.ActiveCfg = Release|Any CPU
		{67F9D3A8-F71E-4428-913F-C37AE82CDB24}.Ad-Hoc|Any CPU.Build.0 = Release|Any CPU
		{67F9D3A8-F71E-4428-913F-C37AE82CDB24}.Ad-Hoc|ARM.ActiveCfg = Release|Any CPU
		{67F9D3A8-F71E-4428-913F-C37AE82CDB24}.Ad-Hoc|ARM.Build.0 = Release|Any CPU
		{67F9D3A8-F71E-4428-913F-C37AE82CDB24}.Ad-Hoc|iPhone.ActiveCfg = Release|Any CPU
		{67F9D3A8-F71E-4428-913F-C37AE82CDB24}.Ad-Hoc|iPhone.Build.0 = Release|Any CPU
		{67F9D3A8-F71E-4428-913F-C37AE82CDB24}.Ad-Hoc|iPhoneSimulator.ActiveCfg = Release|Any CPU
		{67F9D3A8-F71E-4428-913F-C37AE82CDB24}.Ad-Hoc|iPhoneSimulator.Build.0 = Release|Any CPU
		{67F9D3A8-F71E-4428-913F-C37AE82CDB24}.Ad-Hoc|x64.ActiveCfg = Release|Any CPU
		{67F9D3A8-F71E-4428-913F-C37AE82CDB24}.Ad-Hoc|x64.Build.0 = Release|Any CPU
		{67F9D3A8-F71E-4428-913F-C37AE82CDB24}.Ad-Hoc|x86.ActiveCfg = Release|Any CPU
		{67F9D3A8-F71E-4428-913F-C37AE82CDB24}.Ad-Hoc|x86.Build.0 = Release|Any CPU
		{67F9D3A8-F71E-4428-913F-C37AE82CDB24}.AppStore|Any CPU.ActiveCfg = Release|Any CPU
		{67F9D3A8-F71E-4428-913F-C37AE82CDB24}.AppStore|Any CPU.Build.0 = Release|Any CPU
		{67F9D3A8-F71E-4428-913F-C37AE82CDB24}.AppStore|ARM.ActiveCfg = Release|Any CPU
		{67F9D3A8-F71E-4428-913F-C37AE82CDB24}.AppStore|ARM.Build.0 = Release|Any CPU
		{67F9D3A8-F71E-4428-913F-C37AE82CDB24}.AppStore|iPhone.ActiveCfg = Release|Any CPU
		{67F9D3A8-F71E-4428-913F-C37AE82CDB24}.AppStore|iPhone.Build.0 = Release|Any CPU
		{67F9D3A8-F71E-4428-913F-C37AE82CDB24}.AppStore|iPhoneSimulator.ActiveCfg = Release|Any CPU
		{67F9D3A8-F71E-4428-913F-C37AE82CDB24}.AppStore|iPhoneSimulator.Build.0 = Release|Any CPU
		{67F9D3A8-F71E-4428-913F-C37AE82CDB24}.AppStore|x64.ActiveCfg = Release|Any CPU
		{67F9D3A8-F71E-4428-913F-C37AE82CDB24}.AppStore|x64.Build.0 = Release|Any CPU
		{67F9D3A8-F71E-4428-913F-C37AE82CDB24}.AppStore|x86.ActiveCfg = Release|Any CPU
		{67F9D3A8-F71E-4428-913F-C37AE82CDB24}.AppStore|x86.Build.0 = Release|Any CPU
		{67F9D3A8-F71E-4428-913F-C37AE82CDB24}.Debug|Any CPU.ActiveCfg = Debug|Any CPU
		{67F9D3A8-F71E-4428-913F-C37AE82CDB24}.Debug|Any CPU.Build.0 = Debug|Any CPU
		{67F9D3A8-F71E-4428-913F-C37AE82CDB24}.Debug|ARM.ActiveCfg = Debug|Any CPU
		{67F9D3A8-F71E-4428-913F-C37AE82CDB24}.Debug|ARM.Build.0 = Debug|Any CPU
		{67F9D3A8-F71E-4428-913F-C37AE82CDB24}.Debug|iPhone.ActiveCfg = Debug|Any CPU
		{67F9D3A8-F71E-4428-913F-C37AE82CDB24}.Debug|iPhone.Build.0 = Debug|Any CPU
		{67F9D3A8-F71E-4428-913F-C37AE82CDB24}.Debug|iPhoneSimulator.ActiveCfg = Debug|Any CPU
		{67F9D3A8-F71E-4428-913F-C37AE82CDB24}.Debug|iPhoneSimulator.Build.0 = Debug|Any CPU
		{67F9D3A8-F71E-4428-913F-C37AE82CDB24}.Debug|x64.ActiveCfg = Debug|Any CPU
		{67F9D3A8-F71E-4428-913F-C37AE82CDB24}.Debug|x64.Build.0 = Debug|Any CPU
		{67F9D3A8-F71E-4428-913F-C37AE82CDB24}.Debug|x86.ActiveCfg = Debug|Any CPU
		{67F9D3A8-F71E-4428-913F-C37AE82CDB24}.Debug|x86.Build.0 = Debug|Any CPU
		{67F9D3A8-F71E-4428-913F-C37AE82CDB24}.Release|Any CPU.ActiveCfg = Release|Any CPU
		{67F9D3A8-F71E-4428-913F-C37AE82CDB24}.Release|Any CPU.Build.0 = Release|Any CPU
		{67F9D3A8-F71E-4428-913F-C37AE82CDB24}.Release|ARM.ActiveCfg = Release|Any CPU
		{67F9D3A8-F71E-4428-913F-C37AE82CDB24}.Release|ARM.Build.0 = Release|Any CPU
		{67F9D3A8-F71E-4428-913F-C37AE82CDB24}.Release|iPhone.ActiveCfg = Release|Any CPU
		{67F9D3A8-F71E-4428-913F-C37AE82CDB24}.Release|iPhone.Build.0 = Release|Any CPU
		{67F9D3A8-F71E-4428-913F-C37AE82CDB24}.Release|iPhoneSimulator.ActiveCfg = Release|Any CPU
		{67F9D3A8-F71E-4428-913F-C37AE82CDB24}.Release|iPhoneSimulator.Build.0 = Release|Any CPU
		{67F9D3A8-F71E-4428-913F-C37AE82CDB24}.Release|x64.ActiveCfg = Release|Any CPU
		{67F9D3A8-F71E-4428-913F-C37AE82CDB24}.Release|x64.Build.0 = Release|Any CPU
		{67F9D3A8-F71E-4428-913F-C37AE82CDB24}.Release|x86.ActiveCfg = Release|Any CPU
		{67F9D3A8-F71E-4428-913F-C37AE82CDB24}.Release|x86.Build.0 = Release|Any CPU
	EndGlobalSection
	GlobalSection(SolutionProperties) = preSolution
		HideSolutionNode = FALSE
	EndGlobalSection
	GlobalSection(NestedProjects) = preSolution
		{8D252A51-F536-44C4-A6A1-E91B073865A9} = {5160330C-EEDF-4811-B942-85E89397B787}
		{CD33D2E5-10D2-419F-8DEA-D113C9CF276C} = {5160330C-EEDF-4811-B942-85E89397B787}
		{816B4816-E615-4D19-8C5F-98456F83E917} = {5160330C-EEDF-4811-B942-85E89397B787}
		{F3F9BBF5-B2C5-4F52-8972-AEC18B445284} = {5160330C-EEDF-4811-B942-85E89397B787}
		{5B5712FD-87AA-492D-A97B-C24CAFBBB128} = {5160330C-EEDF-4811-B942-85E89397B787}
		{A1E56C1D-7AA8-4742-B669-A0F1E13A50B6} = {7F0D99EA-1204-47D2-A3CF-3C8C91B7DD91}
		{67F9D3A8-F71E-4428-913F-C37AE82CDB24} = {295A2FE9-D181-479C-8248-AE4AE9E8B612}
	EndGlobalSection
EndGlobal
